
Microsoft Visual Studio Solution File, Format Version 12.00
# Visual Studio Version 17
VisualStudioVersion = 17.4.33027.239
MinimumVisualStudioVersion = 10.0.40219.1
Project("{9A19103F-16F7-4668-BE54-9A1E7A4F7556}") = "OpenFieldRuntime", "OpenFieldRuntime\OpenFieldRuntime.csproj", "{CBA2BB92-87E0-4263-A9D6-D9445F64EE5C}"
EndProject
Project("{9A19103F-16F7-4668-BE54-9A1E7A4F7556}") = "OpenFieldCore", "OpenFieldCore\OpenFieldCore.csproj", "{2AE03B0E-0881-43BE-B5EF-7D9C5D07675D}"
EndProject
Project("{9A19103F-16F7-4668-BE54-9A1E7A4F7556}") = "OpenFieldForge", "OpenFieldForge\OpenFieldForge.csproj", "{4DB11ABD-D050-4950-93B7-6BCA2223997E}"
EndProject
Project("{9A19103F-16F7-4668-BE54-9A1E7A4F7556}") = "OpenFieldEditor", "OpenFieldEditor\OpenFieldEditor.csproj", "{A687502A-576A-4D36-8A49-7CEC17D867D7}"
EndProject
Project("{2150E333-8FDC-42A3-9474-1A3956D46DE8}") = "Solution Items", "Solution Items", "{E4D0FC0A-171B-4D5C-8861-E360414A850D}"
	ProjectSection(SolutionItems) = preProject
		.editorconfig = .editorconfig
	EndProjectSection
EndProject
Global
	GlobalSection(SolutionConfigurationPlatforms) = preSolution
		Debug|Any CPU = Debug|Any CPU
		Debug|x64 = Debug|x64
		Debug|x86 = Debug|x86
		Release|Any CPU = Release|Any CPU
		Release|x64 = Release|x64
		Release|x86 = Release|x86
	EndGlobalSection
	GlobalSection(ProjectConfigurationPlatforms) = postSolution
		{CBA2BB92-87E0-4263-A9D6-D9445F64EE5C}.Debug|Any CPU.ActiveCfg = Debug|Any CPU
		{CBA2BB92-87E0-4263-A9D6-D9445F64EE5C}.Debug|Any CPU.Build.0 = Debug|Any CPU
		{CBA2BB92-87E0-4263-A9D6-D9445F64EE5C}.Debug|x64.ActiveCfg = Debug|Any CPU
		{CBA2BB92-87E0-4263-A9D6-D9445F64EE5C}.Debug|x64.Build.0 = Debug|Any CPU
		{CBA2BB92-87E0-4263-A9D6-D9445F64EE5C}.Debug|x86.ActiveCfg = Debug|Any CPU
		{CBA2BB92-87E0-4263-A9D6-D9445F64EE5C}.Debug|x86.Build.0 = Debug|Any CPU
		{CBA2BB92-87E0-4263-A9D6-D9445F64EE5C}.Release|Any CPU.ActiveCfg = Release|Any CPU
		{CBA2BB92-87E0-4263-A9D6-D9445F64EE5C}.Release|Any CPU.Build.0 = Release|Any CPU
		{CBA2BB92-87E0-4263-A9D6-D9445F64EE5C}.Release|x64.ActiveCfg = Release|Any CPU
		{CBA2BB92-87E0-4263-A9D6-D9445F64EE5C}.Release|x64.Build.0 = Release|Any CPU
		{CBA2BB92-87E0-4263-A9D6-D9445F64EE5C}.Release|x86.ActiveCfg = Release|Any CPU
		{CBA2BB92-87E0-4263-A9D6-D9445F64EE5C}.Release|x86.Build.0 = Release|Any CPU
		{2AE03B0E-0881-43BE-B5EF-7D9C5D07675D}.Debug|Any CPU.ActiveCfg = Debug|Any CPU
		{2AE03B0E-0881-43BE-B5EF-7D9C5D07675D}.Debug|Any CPU.Build.0 = Debug|Any CPU
		{2AE03B0E-0881-43BE-B5EF-7D9C5D07675D}.Debug|x64.ActiveCfg = Debug|Any CPU
		{2AE03B0E-0881-43BE-B5EF-7D9C5D07675D}.Debug|x64.Build.0 = Debug|Any CPU
		{2AE03B0E-0881-43BE-B5EF-7D9C5D07675D}.Debug|x86.ActiveCfg = Debug|Any CPU
		{2AE03B0E-0881-43BE-B5EF-7D9C5D07675D}.Debug|x86.Build.0 = Debug|Any CPU
		{2AE03B0E-0881-43BE-B5EF-7D9C5D07675D}.Release|Any CPU.ActiveCfg = Release|Any CPU
		{2AE03B0E-0881-43BE-B5EF-7D9C5D07675D}.Release|Any CPU.Build.0 = Release|Any CPU
		{2AE03B0E-0881-43BE-B5EF-7D9C5D07675D}.Release|x64.ActiveCfg = Release|Any CPU
		{2AE03B0E-0881-43BE-B5EF-7D9C5D07675D}.Release|x64.Build.0 = Release|Any CPU
		{2AE03B0E-0881-43BE-B5EF-7D9C5D07675D}.Release|x86.ActiveCfg = Release|Any CPU
		{2AE03B0E-0881-43BE-B5EF-7D9C5D07675D}.Release|x86.Build.0 = Release|Any CPU
		{4DB11ABD-D050-4950-93B7-6BCA2223997E}.Debug|Any CPU.ActiveCfg = Debug|Any CPU
		{4DB11ABD-D050-4950-93B7-6BCA2223997E}.Debug|Any CPU.Build.0 = Debug|Any CPU
		{4DB11ABD-D050-4950-93B7-6BCA2223997E}.Debug|x64.ActiveCfg = Debug|Any CPU
		{4DB11ABD-D050-4950-93B7-6BCA2223997E}.Debug|x64.Build.0 = Debug|Any CPU
		{4DB11ABD-D050-4950-93B7-6BCA2223997E}.Debug|x86.ActiveCfg = Debug|Any CPU
		{4DB11ABD-D050-4950-93B7-6BCA2223997E}.Debug|x86.Build.0 = Debug|Any CPU
		{4DB11ABD-D050-4950-93B7-6BCA2223997E}.Release|Any CPU.ActiveCfg = Release|Any CPU
		{4DB11ABD-D050-4950-93B7-6BCA2223997E}.Release|Any CPU.Build.0 = Release|Any CPU
		{4DB11ABD-D050-4950-93B7-6BCA2223997E}.Release|x64.ActiveCfg = Release|Any CPU
		{4DB11ABD-D050-4950-93B7-6BCA2223997E}.Release|x64.Build.0 = Release|Any CPU
		{4DB11ABD-D050-4950-93B7-6BCA2223997E}.Release|x86.ActiveCfg = Release|Any CPU
		{4DB11ABD-D050-4950-93B7-6BCA2223997E}.Release|x86.Build.0 = Release|Any CPU
		{A687502A-576A-4D36-8A49-7CEC17D867D7}.Debug|Any CPU.ActiveCfg = Debug|Any CPU
		{A687502A-576A-4D36-8A49-7CEC17D867D7}.Debug|Any CPU.Build.0 = Debug|Any CPU
		{A687502A-576A-4D36-8A49-7CEC17D867D7}.Debug|x64.ActiveCfg = Debug|Any CPU
		{A687502A-576A-4D36-8A49-7CEC17D867D7}.Debug|x64.Build.0 = Debug|Any CPU
		{A687502A-576A-4D36-8A49-7CEC17D867D7}.Debug|x86.ActiveCfg = Debug|Any CPU
		{A687502A-576A-4D36-8A49-7CEC17D867D7}.Debug|x86.Build.0 = Debug|Any CPU
		{A687502A-576A-4D36-8A49-7CEC17D867D7}.Release|Any CPU.ActiveCfg = Release|Any CPU
		{A687502A-576A-4D36-8A49-7CEC17D867D7}.Release|Any CPU.Build.0 = Release|Any CPU
		{A687502A-576A-4D36-8A49-7CEC17D867D7}.Release|x64.ActiveCfg = Release|Any CPU
		{A687502A-576A-4D36-8A49-7CEC17D867D7}.Release|x64.Build.0 = Release|Any CPU
		{A687502A-576A-4D36-8A49-7CEC17D867D7}.Release|x86.ActiveCfg = Release|Any CPU
		{A687502A-576A-4D36-8A49-7CEC17D867D7}.Release|x86.Build.0 = Release|Any CPU
	EndGlobalSection
	GlobalSection(SolutionProperties) = preSolution
		HideSolutionNode = FALSE
	EndGlobalSection
	GlobalSection(ExtensibilityGlobals) = postSolution
		SolutionGuid = {8BE4EDED-7FCF-47FE-A3BC-19ED5CAFF0D4}
	EndGlobalSection
EndGlobal
